// !$*UTF8*$!
{
	archiveVersion = 1;
	classes = {
	};
	objectVersion = 56;
	objects = {

/* Begin PBXBuildFile section */
		230BB59A29BE8BEA007C4AFD /* CarSpeedometerApp.swift in Sources */ = {isa = PBXBuildFile; fileRef = 230BB59929BE8BEA007C4AFD /* CarSpeedometerApp.swift */; };
		230BB59C29BE8BEA007C4AFD /* ContentView.swift in Sources */ = {isa = PBXBuildFile; fileRef = 230BB59B29BE8BEA007C4AFD /* ContentView.swift */; };
		230BB59E29BE8BEA007C4AFD /* Assets.xcassets in Resources */ = {isa = PBXBuildFile; fileRef = 230BB59D29BE8BEA007C4AFD /* Assets.xcassets */; };
		230BB5A129BE8BEA007C4AFD /* Preview Assets.xcassets in Resources */ = {isa = PBXBuildFile; fileRef = 230BB5A029BE8BEA007C4AFD /* Preview Assets.xcassets */; };
		23BC4C5C29C25E8A002BEAF7 /* SpeedometerCoordinatorView.swift in Sources */ = {isa = PBXBuildFile; fileRef = 23BC4C5B29C25E8A002BEAF7 /* SpeedometerCoordinatorView.swift */; };
		23BC4C5E29C25EA6002BEAF7 /* SpeedometerCoordinatorObject.swift in Sources */ = {isa = PBXBuildFile; fileRef = 23BC4C5D29C25EA6002BEAF7 /* SpeedometerCoordinatorObject.swift */; };
		23BC4C6129C25F10002BEAF7 /* BaseCoordinatorView.swift in Sources */ = {isa = PBXBuildFile; fileRef = 23BC4C6029C25F10002BEAF7 /* BaseCoordinatorView.swift */; };
		23BC4C6329C25F4E002BEAF7 /* BaseCoordinatorObject.swift in Sources */ = {isa = PBXBuildFile; fileRef = 23BC4C6229C25F4E002BEAF7 /* BaseCoordinatorObject.swift */; };
		23BC4C6629C26180002BEAF7 /* SpeedometerView.swift in Sources */ = {isa = PBXBuildFile; fileRef = 23BC4C6529C26180002BEAF7 /* SpeedometerView.swift */; };
		23BC4C6829C2618D002BEAF7 /* SpeedometerViewModel.swift in Sources */ = {isa = PBXBuildFile; fileRef = 23BC4C6729C2618D002BEAF7 /* SpeedometerViewModel.swift */; };
		23BC4C6A29C26211002BEAF7 /* BaseViewModel.swift in Sources */ = {isa = PBXBuildFile; fileRef = 23BC4C6929C26211002BEAF7 /* BaseViewModel.swift */; };
		23BC4C6C29C2621D002BEAF7 /* BaseView.swift in Sources */ = {isa = PBXBuildFile; fileRef = 23BC4C6B29C2621D002BEAF7 /* BaseView.swift */; };
/* End PBXBuildFile section */

/* Begin PBXFileReference section */
		230BB59629BE8BEA007C4AFD /* CarSpeedometer.app */ = {isa = PBXFileReference; explicitFileType = wrapper.application; includeInIndex = 0; path = CarSpeedometer.app; sourceTree = BUILT_PRODUCTS_DIR; };
		230BB59929BE8BEA007C4AFD /* CarSpeedometerApp.swift */ = {isa = PBXFileReference; lastKnownFileType = sourcecode.swift; path = CarSpeedometerApp.swift; sourceTree = "<group>"; };
		230BB59B29BE8BEA007C4AFD /* ContentView.swift */ = {isa = PBXFileReference; lastKnownFileType = sourcecode.swift; path = ContentView.swift; sourceTree = "<group>"; };
		230BB59D29BE8BEA007C4AFD /* Assets.xcassets */ = {isa = PBXFileReference; lastKnownFileType = folder.assetcatalog; path = Assets.xcassets; sourceTree = "<group>"; };
		230BB5A029BE8BEA007C4AFD /* Preview Assets.xcassets */ = {isa = PBXFileReference; lastKnownFileType = folder.assetcatalog; path = "Preview Assets.xcassets"; sourceTree = "<group>"; };
		23BC4C5B29C25E8A002BEAF7 /* SpeedometerCoordinatorView.swift */ = {isa = PBXFileReference; lastKnownFileType = sourcecode.swift; path = SpeedometerCoordinatorView.swift; sourceTree = "<group>"; };
		23BC4C5D29C25EA6002BEAF7 /* SpeedometerCoordinatorObject.swift */ = {isa = PBXFileReference; lastKnownFileType = sourcecode.swift; path = SpeedometerCoordinatorObject.swift; sourceTree = "<group>"; };
		23BC4C6029C25F10002BEAF7 /* BaseCoordinatorView.swift */ = {isa = PBXFileReference; lastKnownFileType = sourcecode.swift; path = BaseCoordinatorView.swift; sourceTree = "<group>"; };
		23BC4C6229C25F4E002BEAF7 /* BaseCoordinatorObject.swift */ = {isa = PBXFileReference; lastKnownFileType = sourcecode.swift; path = BaseCoordinatorObject.swift; sourceTree = "<group>"; };
		23BC4C6529C26180002BEAF7 /* SpeedometerView.swift */ = {isa = PBXFileReference; lastKnownFileType = sourcecode.swift; path = SpeedometerView.swift; sourceTree = "<group>"; };
		23BC4C6729C2618D002BEAF7 /* SpeedometerViewModel.swift */ = {isa = PBXFileReference; lastKnownFileType = sourcecode.swift; path = SpeedometerViewModel.swift; sourceTree = "<group>"; };
		23BC4C6929C26211002BEAF7 /* BaseViewModel.swift */ = {isa = PBXFileReference; lastKnownFileType = sourcecode.swift; path = BaseViewModel.swift; sourceTree = "<group>"; };
		23BC4C6B29C2621D002BEAF7 /* BaseView.swift */ = {isa = PBXFileReference; lastKnownFileType = sourcecode.swift; path = BaseView.swift; sourceTree = "<group>"; };
/* End PBXFileReference section */

/* Begin PBXFrameworksBuildPhase section */
		230BB59329BE8BEA007C4AFD /* Frameworks */ = {
			isa = PBXFrameworksBuildPhase;
			buildActionMask = 2147483647;
			files = (
			);
			runOnlyForDeploymentPostprocessing = 0;
		};
/* End PBXFrameworksBuildPhase section */

/* Begin PBXGroup section */
		230BB58D29BE8BEA007C4AFD = {
			isa = PBXGroup;
			children = (
				230BB59829BE8BEA007C4AFD /* CarSpeedometer */,
				230BB59729BE8BEA007C4AFD /* Products */,
			);
			sourceTree = "<group>";
		};
		230BB59729BE8BEA007C4AFD /* Products */ = {
			isa = PBXGroup;
			children = (
				230BB59629BE8BEA007C4AFD /* CarSpeedometer.app */,
			);
			name = Products;
			sourceTree = "<group>";
		};
		230BB59829BE8BEA007C4AFD /* CarSpeedometer */ = {
			isa = PBXGroup;
			children = (
				23BC4C5929C25E1D002BEAF7 /* Application */,
				23BC4C5F29C25F00002BEAF7 /* Base */,
				23BC4C5729C25E08002BEAF7 /* Modules */,
				230BB59B29BE8BEA007C4AFD /* ContentView.swift */,
				230BB59D29BE8BEA007C4AFD /* Assets.xcassets */,
				230BB59F29BE8BEA007C4AFD /* Preview Content */,
			);
			path = CarSpeedometer;
			sourceTree = "<group>";
		};
		230BB59F29BE8BEA007C4AFD /* Preview Content */ = {
			isa = PBXGroup;
			children = (
				230BB5A029BE8BEA007C4AFD /* Preview Assets.xcassets */,
			);
			path = "Preview Content";
			sourceTree = "<group>";
		};
		23BC4C5729C25E08002BEAF7 /* Modules */ = {
			isa = PBXGroup;
			children = (
				23BC4C5829C25E13002BEAF7 /* SpeedometerView */,
			);
			path = Modules;
			sourceTree = "<group>";
		};
		23BC4C5829C25E13002BEAF7 /* SpeedometerView */ = {
			isa = PBXGroup;
			children = (
				23BC4C5A29C25E77002BEAF7 /* Coordinators */,
				23BC4C6429C2616C002BEAF7 /* Views */,
			);
			path = SpeedometerView;
			sourceTree = "<group>";
		};
		23BC4C5929C25E1D002BEAF7 /* Application */ = {
			isa = PBXGroup;
			children = (
				230BB59929BE8BEA007C4AFD /* CarSpeedometerApp.swift */,
			);
			path = Application;
			sourceTree = "<group>";
		};
		23BC4C5A29C25E77002BEAF7 /* Coordinators */ = {
			isa = PBXGroup;
			children = (
				23BC4C5B29C25E8A002BEAF7 /* SpeedometerCoordinatorView.swift */,
				23BC4C5D29C25EA6002BEAF7 /* SpeedometerCoordinatorObject.swift */,
			);
			path = Coordinators;
			sourceTree = "<group>";
		};
		23BC4C5F29C25F00002BEAF7 /* Base */ = {
			isa = PBXGroup;
			children = (
				23BC4C6029C25F10002BEAF7 /* BaseCoordinatorView.swift */,
				23BC4C6229C25F4E002BEAF7 /* BaseCoordinatorObject.swift */,
				23BC4C6B29C2621D002BEAF7 /* BaseView.swift */,
				23BC4C6929C26211002BEAF7 /* BaseViewModel.swift */,
			);
			path = Base;
			sourceTree = "<group>";
		};
		23BC4C6429C2616C002BEAF7 /* Views */ = {
			isa = PBXGroup;
			children = (
				23BC4C6529C26180002BEAF7 /* SpeedometerView.swift */,
				23BC4C6729C2618D002BEAF7 /* SpeedometerViewModel.swift */,
			);
			path = Views;
			sourceTree = "<group>";
		};
/* End PBXGroup section */

/* Begin PBXNativeTarget section */
		230BB59529BE8BEA007C4AFD /* CarSpeedometer */ = {
			isa = PBXNativeTarget;
			buildConfigurationList = 230BB5A429BE8BEA007C4AFD /* Build configuration list for PBXNativeTarget "CarSpeedometer" */;
			buildPhases = (
				230BB59229BE8BEA007C4AFD /* Sources */,
				230BB59329BE8BEA007C4AFD /* Frameworks */,
				230BB59429BE8BEA007C4AFD /* Resources */,
			);
			buildRules = (
			);
			dependencies = (
			);
			name = CarSpeedometer;
			productName = CarSpeedometer;
			productReference = 230BB59629BE8BEA007C4AFD /* CarSpeedometer.app */;
			productType = "com.apple.product-type.application";
		};
/* End PBXNativeTarget section */

/* Begin PBXProject section */
		230BB58E29BE8BEA007C4AFD /* Project object */ = {
			isa = PBXProject;
			attributes = {
				BuildIndependentTargetsInParallel = 1;
				LastSwiftUpdateCheck = 1420;
				LastUpgradeCheck = 1420;
				TargetAttributes = {
					230BB59529BE8BEA007C4AFD = {
						CreatedOnToolsVersion = 14.2;
					};
				};
			};
			buildConfigurationList = 230BB59129BE8BEA007C4AFD /* Build configuration list for PBXProject "CarSpeedometer" */;
			compatibilityVersion = "Xcode 14.0";
			developmentRegion = en;
			hasScannedForEncodings = 0;
			knownRegions = (
				en,
				Base,
			);
			mainGroup = 230BB58D29BE8BEA007C4AFD;
			productRefGroup = 230BB59729BE8BEA007C4AFD /* Products */;
			projectDirPath = "";
			projectRoot = "";
			targets = (
				230BB59529BE8BEA007C4AFD /* CarSpeedometer */,
			);
		};
/* End PBXProject section */

/* Begin PBXResourcesBuildPhase section */
		230BB59429BE8BEA007C4AFD /* Resources */ = {
			isa = PBXResourcesBuildPhase;
			buildActionMask = 2147483647;
			files = (
				230BB5A129BE8BEA007C4AFD /* Preview Assets.xcassets in Resources */,
				230BB59E29BE8BEA007C4AFD /* Assets.xcassets in Resources */,
			);
			runOnlyForDeploymentPostprocessing = 0;
		};
/* End PBXResourcesBuildPhase section */

/* Begin PBXSourcesBuildPhase section */
		230BB59229BE8BEA007C4AFD /* Sources */ = {
			isa = PBXSourcesBuildPhase;
			buildActionMask = 2147483647;
			files = (
				230BB59C29BE8BEA007C4AFD /* ContentView.swift in Sources */,
				23BC4C5E29C25EA6002BEAF7 /* SpeedometerCoordinatorObject.swift in Sources */,
				23BC4C6329C25F4E002BEAF7 /* BaseCoordinatorObject.swift in Sources */,
				23BC4C6629C26180002BEAF7 /* SpeedometerView.swift in Sources */,
				23BC4C6129C25F10002BEAF7 /* BaseCoordinatorView.swift in Sources */,
				23BC4C6A29C26211002BEAF7 /* BaseViewModel.swift in Sources */,
				23BC4C5C29C25E8A002BEAF7 /* SpeedometerCoordinatorView.swift in Sources */,
				23BC4C6C29C2621D002BEAF7 /* BaseView.swift in Sources */,
				23BC4C6829C2618D002BEAF7 /* SpeedometerViewModel.swift in Sources */,
				230BB59A29BE8BEA007C4AFD /* CarSpeedometerApp.swift in Sources */,
			);
			runOnlyForDeploymentPostprocessing = 0;
		};
/* End PBXSourcesBuildPhase section */

/* Begin XCBuildConfiguration section */
		230BB5A229BE8BEA007C4AFD /* Debug */ = {
			isa = XCBuildConfiguration;
			buildSettings = {
				ALWAYS_SEARCH_USER_PATHS = NO;
				CLANG_ANALYZER_NONNULL = YES;
				CLANG_ANALYZER_NUMBER_OBJECT_CONVERSION = YES_AGGRESSIVE;
				CLANG_CXX_LANGUAGE_STANDARD = "gnu++20";
				CLANG_ENABLE_MODULES = YES;
				CLANG_ENABLE_OBJC_ARC = YES;
				CLANG_ENABLE_OBJC_WEAK = YES;
				CLANG_WARN_BLOCK_CAPTURE_AUTORELEASING = YES;
				CLANG_WARN_BOOL_CONVERSION = YES;
				CLANG_WARN_COMMA = YES;
				CLANG_WARN_CONSTANT_CONVERSION = YES;
				CLANG_WARN_DEPRECATED_OBJC_IMPLEMENTATIONS = YES;
				CLANG_WARN_DIRECT_OBJC_ISA_USAGE = YES_ERROR;
				CLANG_WARN_DOCUMENTATION_COMMENTS = YES;
				CLANG_WARN_EMPTY_BODY = YES;
				CLANG_WARN_ENUM_CONVERSION = YES;
				CLANG_WARN_INFINITE_RECURSION = YES;
				CLANG_WARN_INT_CONVERSION = YES;
				CLANG_WARN_NON_LITERAL_NULL_CONVERSION = YES;
				CLANG_WARN_OBJC_IMPLICIT_RETAIN_SELF = YES;
				CLANG_WARN_OBJC_LITERAL_CONVERSION = YES;
				CLANG_WARN_OBJC_ROOT_CLASS = YES_ERROR;
				CLANG_WARN_QUOTED_INCLUDE_IN_FRAMEWORK_HEADER = YES;
				CLANG_WARN_RANGE_LOOP_ANALYSIS = YES;
				CLANG_WARN_STRICT_PROTOTYPES = YES;
				CLANG_WARN_SUSPICIOUS_MOVE = YES;
				CLANG_WARN_UNGUARDED_AVAILABILITY = YES_AGGRESSIVE;
				CLANG_WARN_UNREACHABLE_CODE = YES;
				CLANG_WARN__DUPLICATE_METHOD_MATCH = YES;
				COPY_PHASE_STRIP = NO;
				DEBUG_INFORMATION_FORMAT = dwarf;
				ENABLE_STRICT_OBJC_MSGSEND = YES;
				ENABLE_TESTABILITY = YES;
				GCC_C_LANGUAGE_STANDARD = gnu11;
				GCC_DYNAMIC_NO_PIC = NO;
				GCC_NO_COMMON_BLOCKS = YES;
				GCC_OPTIMIZATION_LEVEL = 0;
				GCC_PREPROCESSOR_DEFINITIONS = (
					"DEBUG=1",
					"$(inherited)",
				);
				GCC_WARN_64_TO_32_BIT_CONVERSION = YES;
				GCC_WARN_ABOUT_RETURN_TYPE = YES_ERROR;
				GCC_WARN_UNDECLARED_SELECTOR = YES;
				GCC_WARN_UNINITIALIZED_AUTOS = YES_AGGRESSIVE;
				GCC_WARN_UNUSED_FUNCTION = YES;
				GCC_WARN_UNUSED_VARIABLE = YES;
				IPHONEOS_DEPLOYMENT_TARGET = 16.2;
				MTL_ENABLE_DEBUG_INFO = INCLUDE_SOURCE;
				MTL_FAST_MATH = YES;
				ONLY_ACTIVE_ARCH = YES;
				SDKROOT = iphoneos;
				SWIFT_ACTIVE_COMPILATION_CONDITIONS = DEBUG;
				SWIFT_OPTIMIZATION_LEVEL = "-Onone";
			};
			name = Debug;
		};
		230BB5A329BE8BEA007C4AFD /* Release */ = {
			isa = XCBuildConfiguration;
			buildSettings = {
				ALWAYS_SEARCH_USER_PATHS = NO;
				CLANG_ANALYZER_NONNULL = YES;
				CLANG_ANALYZER_NUMBER_OBJECT_CONVERSION = YES_AGGRESSIVE;
				CLANG_CXX_LANGUAGE_STANDARD = "gnu++20";
				CLANG_ENABLE_MODULES = YES;
				CLANG_ENABLE_OBJC_ARC = YES;
				CLANG_ENABLE_OBJC_WEAK = YES;
				CLANG_WARN_BLOCK_CAPTURE_AUTORELEASING = YES;
				CLANG_WARN_BOOL_CONVERSION = YES;
				CLANG_WARN_COMMA = YES;
				CLANG_WARN_CONSTANT_CONVERSION = YES;
				CLANG_WARN_DEPRECATED_OBJC_IMPLEMENTATIONS = YES;
				CLANG_WARN_DIRECT_OBJC_ISA_USAGE = YES_ERROR;
				CLANG_WARN_DOCUMENTATION_COMMENTS = YES;
				CLANG_WARN_EMPTY_BODY = YES;
				CLANG_WARN_ENUM_CONVERSION = YES;
				CLANG_WARN_INFINITE_RECURSION = YES;
				CLANG_WARN_INT_CONVERSION = YES;
				CLANG_WARN_NON_LITERAL_NULL_CONVERSION = YES;
				CLANG_WARN_OBJC_IMPLICIT_RETAIN_SELF = YES;
				CLANG_WARN_OBJC_LITERAL_CONVERSION = YES;
				CLANG_WARN_OBJC_ROOT_CLASS = YES_ERROR;
				CLANG_WARN_QUOTED_INCLUDE_IN_FRAMEWORK_HEADER = YES;
				CLANG_WARN_RANGE_LOOP_ANALYSIS = YES;
				CLANG_WARN_STRICT_PROTOTYPES = YES;
				CLANG_WARN_SUSPICIOUS_MOVE = YES;
				CLANG_WARN_UNGUARDED_AVAILABILITY = YES_AGGRESSIVE;
				CLANG_WARN_UNREACHABLE_CODE = YES;
				CLANG_WARN__DUPLICATE_METHOD_MATCH = YES;
				COPY_PHASE_STRIP = NO;
				DEBUG_INFORMATION_FORMAT = "dwarf-with-dsym";
				ENABLE_NS_ASSERTIONS = NO;
				ENABLE_STRICT_OBJC_MSGSEND = YES;
				GCC_C_LANGUAGE_STANDARD = gnu11;
				GCC_NO_COMMON_BLOCKS = YES;
				GCC_WARN_64_TO_32_BIT_CONVERSION = YES;
				GCC_WARN_ABOUT_RETURN_TYPE = YES_ERROR;
				GCC_WARN_UNDECLARED_SELECTOR = YES;
				GCC_WARN_UNINITIALIZED_AUTOS = YES_AGGRESSIVE;
				GCC_WARN_UNUSED_FUNCTION = YES;
				GCC_WARN_UNUSED_VARIABLE = YES;
				IPHONEOS_DEPLOYMENT_TARGET = 16.2;
				MTL_ENABLE_DEBUG_INFO = NO;
				MTL_FAST_MATH = YES;
				SDKROOT = iphoneos;
				SWIFT_COMPILATION_MODE = wholemodule;
				SWIFT_OPTIMIZATION_LEVEL = "-O";
				VALIDATE_PRODUCT = YES;
			};
			name = Release;
		};
		230BB5A529BE8BEA007C4AFD /* Debug */ = {
			isa = XCBuildConfiguration;
			buildSettings = {
				ASSETCATALOG_COMPILER_APPICON_NAME = AppIcon;
				ASSETCATALOG_COMPILER_GLOBAL_ACCENT_COLOR_NAME = AccentColor;
				CODE_SIGN_STYLE = Automatic;
				CURRENT_PROJECT_VERSION = 1;
				DEVELOPMENT_ASSET_PATHS = "\"CarSpeedometer/Preview Content\"";
				DEVELOPMENT_TEAM = 7CS6N8JRT4;
				ENABLE_PREVIEWS = YES;
				GENERATE_INFOPLIST_FILE = YES;
				INFOPLIST_KEY_UIApplicationSceneManifest_Generation = YES;
				INFOPLIST_KEY_UIApplicationSupportsIndirectInputEvents = YES;
				INFOPLIST_KEY_UILaunchScreen_Generation = YES;
				INFOPLIST_KEY_UISupportedInterfaceOrientations_iPad = "UIInterfaceOrientationPortrait UIInterfaceOrientationPortraitUpsideDown UIInterfaceOrientationLandscapeLeft UIInterfaceOrientationLandscapeRight";
				INFOPLIST_KEY_UISupportedInterfaceOrientations_iPhone = "UIInterfaceOrientationPortrait UIInterfaceOrientationLandscapeLeft UIInterfaceOrientationLandscapeRight";
				LD_RUNPATH_SEARCH_PATHS = (
					"$(inherited)",
					"@executable_path/Frameworks",
				);
				MARKETING_VERSION = 1.0;
				PRODUCT_BUNDLE_IDENTIFIER = pl.lukasinskimateusz.CarSpeedometer;
				PRODUCT_NAME = "$(TARGET_NAME)";
				SWIFT_EMIT_LOC_STRINGS = YES;
				SWIFT_VERSION = 5.0;
				TARGETED_DEVICE_FAMILY = "1,2";
			};
			name = Debug;
		};
		230BB5A629BE8BEA007C4AFD /* Release */ = {
			isa = XCBuildConfiguration;
			buildSettings = {
				ASSETCATALOG_COMPILER_APPICON_NAME = AppIcon;
				ASSETCATALOG_COMPILER_GLOBAL_ACCENT_COLOR_NAME = AccentColor;
				CODE_SIGN_STYLE = Automatic;
				CURRENT_PROJECT_VERSION = 1;
				DEVELOPMENT_ASSET_PATHS = "\"CarSpeedometer/Preview Content\"";
				DEVELOPMENT_TEAM = 7CS6N8JRT4;
				ENABLE_PREVIEWS = YES;
				GENERATE_INFOPLIST_FILE = YES;
				INFOPLIST_KEY_UIApplicationSceneManifest_Generation = YES;
				INFOPLIST_KEY_UIApplicationSupportsIndirectInputEvents = YES;
				INFOPLIST_KEY_UILaunchScreen_Generation = YES;
				INFOPLIST_KEY_UISupportedInterfaceOrientations_iPad = "UIInterfaceOrientationPortrait UIInterfaceOrientationPortraitUpsideDown UIInterfaceOrientationLandscapeLeft UIInterfaceOrientationLandscapeRight";
				INFOPLIST_KEY_UISupportedInterfaceOrientations_iPhone = "UIInterfaceOrientationPortrait UIInterfaceOrientationLandscapeLeft UIInterfaceOrientationLandscapeRight";
				LD_RUNPATH_SEARCH_PATHS = (
					"$(inherited)",
					"@executable_path/Frameworks",
				);
				MARKETING_VERSION = 1.0;
				PRODUCT_BUNDLE_IDENTIFIER = pl.lukasinskimateusz.CarSpeedometer;
				PRODUCT_NAME = "$(TARGET_NAME)";
				SWIFT_EMIT_LOC_STRINGS = YES;
				SWIFT_VERSION = 5.0;
				TARGETED_DEVICE_FAMILY = "1,2";
			};
			name = Release;
		};
/* End XCBuildConfiguration section */

/* Begin XCConfigurationList section */
		230BB59129BE8BEA007C4AFD /* Build configuration list for PBXProject "CarSpeedometer" */ = {
			isa = XCConfigurationList;
			buildConfigurations = (
				230BB5A229BE8BEA007C4AFD /* Debug */,
				230BB5A329BE8BEA007C4AFD /* Release */,
			);
			defaultConfigurationIsVisible = 0;
			defaultConfigurationName = Release;
		};
		230BB5A429BE8BEA007C4AFD /* Build configuration list for PBXNativeTarget "CarSpeedometer" */ = {
			isa = XCConfigurationList;
			buildConfigurations = (
				230BB5A529BE8BEA007C4AFD /* Debug */,
				230BB5A629BE8BEA007C4AFD /* Release */,
			);
			defaultConfigurationIsVisible = 0;
			defaultConfigurationName = Release;
		};
/* End XCConfigurationList section */
	};
	rootObject = 230BB58E29BE8BEA007C4AFD /* Project object */;
}
